
Microsoft Visual Studio Solution File, Format Version 12.00
# Visual Studio Version 17
VisualStudioVersion = 17.0.32014.148
MinimumVisualStudioVersion = 10.0.40219.1
Project("{FAE04EC0-301F-11D3-BF4B-00C04F79EFBC}") = "Error_Provider", "Error_Provider\Error_Provider.csproj", "{D9DF458C-8233-46C1-9C6B-37469EE9EE5A}"
EndProject
Global
	GlobalSection(SolutionConfigurationPlatforms) = preSolution
		Debug|Any CPU = Debug|Any CPU
		Release|Any CPU = Release|Any CPU
	EndGlobalSection
	GlobalSection(ProjectConfigurationPlatforms) = postSolution
		{D9DF458C-8233-46C1-9C6B-37469EE9EE5A}.Debug|Any CPU.ActiveCfg = Debug|Any CPU
		{D9DF458C-8233-46C1-9C6B-37469EE9EE5A}.Debug|Any CPU.Build.0 = Debug|Any CPU
		{D9DF458C-8233-46C1-9C6B-37469EE9EE5A}.Release|Any CPU.ActiveCfg = Release|Any CPU
		{D9DF458C-8233-46C1-9C6B-37469EE9EE5A}.Release|Any CPU.Build.0 = Release|Any CPU
	EndGlobalSection
	GlobalSection(SolutionProperties) = preSolution
		HideSolutionNode = FALSE
	EndGlobalSection
	GlobalSection(ExtensibilityGlobals) = postSolution
		SolutionGuid = {519AA0F0-9579-4E9E-A230-FC2FB8A78FDE}
	EndGlobalSection
EndGlobal
