
Microsoft Visual Studio Solution File, Format Version 12.00
# Visual Studio Version 17
VisualStudioVersion = 17.0.32014.148
MinimumVisualStudioVersion = 10.0.40219.1
Project("{FAE04EC0-301F-11D3-BF4B-00C04F79EFBC}") = "CheckBox", "CheckBox\CheckBox.csproj", "{49446B56-62B9-402F-9E86-C6FE22E23986}"
EndProject
Global
	GlobalSection(SolutionConfigurationPlatforms) = preSolution
		Debug|Any CPU = Debug|Any CPU
		Release|Any CPU = Release|Any CPU
	EndGlobalSection
	GlobalSection(ProjectConfigurationPlatforms) = postSolution
		{49446B56-62B9-402F-9E86-C6FE22E23986}.Debug|Any CPU.ActiveCfg = Debug|Any CPU
		{49446B56-62B9-402F-9E86-C6FE22E23986}.Debug|Any CPU.Build.0 = Debug|Any CPU
		{49446B56-62B9-402F-9E86-C6FE22E23986}.Release|Any CPU.ActiveCfg = Release|Any CPU
		{49446B56-62B9-402F-9E86-C6FE22E23986}.Release|Any CPU.Build.0 = Release|Any CPU
	EndGlobalSection
	GlobalSection(SolutionProperties) = preSolution
		HideSolutionNode = FALSE
	EndGlobalSection
	GlobalSection(ExtensibilityGlobals) = postSolution
		SolutionGuid = {75AD872B-B1A1-45A3-845A-45765F2E772F}
	EndGlobalSection
EndGlobal
