
Microsoft Visual Studio Solution File, Format Version 12.00
# Visual Studio Version 17
VisualStudioVersion = 17.0.32014.148
MinimumVisualStudioVersion = 10.0.40219.1
Project("{FAE04EC0-301F-11D3-BF4B-00C04F79EFBC}") = "Radio_Button", "Radio_Button\Radio_Button.csproj", "{9652E452-5F00-42D0-91D4-6CC8C4835EA6}"
EndProject
Global
	GlobalSection(SolutionConfigurationPlatforms) = preSolution
		Debug|Any CPU = Debug|Any CPU
		Release|Any CPU = Release|Any CPU
	EndGlobalSection
	GlobalSection(ProjectConfigurationPlatforms) = postSolution
		{9652E452-5F00-42D0-91D4-6CC8C4835EA6}.Debug|Any CPU.ActiveCfg = Debug|Any CPU
		{9652E452-5F00-42D0-91D4-6CC8C4835EA6}.Debug|Any CPU.Build.0 = Debug|Any CPU
		{9652E452-5F00-42D0-91D4-6CC8C4835EA6}.Release|Any CPU.ActiveCfg = Release|Any CPU
		{9652E452-5F00-42D0-91D4-6CC8C4835EA6}.Release|Any CPU.Build.0 = Release|Any CPU
	EndGlobalSection
	GlobalSection(SolutionProperties) = preSolution
		HideSolutionNode = FALSE
	EndGlobalSection
	GlobalSection(ExtensibilityGlobals) = postSolution
		SolutionGuid = {435A3C36-8069-4513-A74D-EDE542B3A4DC}
	EndGlobalSection
EndGlobal
