
Microsoft Visual Studio Solution File, Format Version 12.00
# Visual Studio Version 17
VisualStudioVersion = 17.0.32014.148
MinimumVisualStudioVersion = 10.0.40219.1
Project("{FAE04EC0-301F-11D3-BF4B-00C04F79EFBC}") = "Calculator", "Calculator\Calculator.csproj", "{EF17BB9D-B5A3-47AE-9EFE-32546434B5AE}"
EndProject
Global
	GlobalSection(SolutionConfigurationPlatforms) = preSolution
		Debug|Any CPU = Debug|Any CPU
		Release|Any CPU = Release|Any CPU
	EndGlobalSection
	GlobalSection(ProjectConfigurationPlatforms) = postSolution
		{EF17BB9D-B5A3-47AE-9EFE-32546434B5AE}.Debug|Any CPU.ActiveCfg = Debug|Any CPU
		{EF17BB9D-B5A3-47AE-9EFE-32546434B5AE}.Debug|Any CPU.Build.0 = Debug|Any CPU
		{EF17BB9D-B5A3-47AE-9EFE-32546434B5AE}.Release|Any CPU.ActiveCfg = Release|Any CPU
		{EF17BB9D-B5A3-47AE-9EFE-32546434B5AE}.Release|Any CPU.Build.0 = Release|Any CPU
	EndGlobalSection
	GlobalSection(SolutionProperties) = preSolution
		HideSolutionNode = FALSE
	EndGlobalSection
	GlobalSection(ExtensibilityGlobals) = postSolution
		SolutionGuid = {DBE6CDFD-DFF9-46C2-884E-8D7F1C855396}
	EndGlobalSection
EndGlobal
