
Microsoft Visual Studio Solution File, Format Version 12.00
# Visual Studio Version 17
VisualStudioVersion = 17.0.32014.148
MinimumVisualStudioVersion = 10.0.40219.1
Project("{FAE04EC0-301F-11D3-BF4B-00C04F79EFBC}") = "userlogin", "userlogin\userlogin.csproj", "{6701C2DC-63FD-4532-A49E-3224F285DA14}"
EndProject
Global
	GlobalSection(SolutionConfigurationPlatforms) = preSolution
		Debug|Any CPU = Debug|Any CPU
		Release|Any CPU = Release|Any CPU
	EndGlobalSection
	GlobalSection(ProjectConfigurationPlatforms) = postSolution
		{6701C2DC-63FD-4532-A49E-3224F285DA14}.Debug|Any CPU.ActiveCfg = Debug|Any CPU
		{6701C2DC-63FD-4532-A49E-3224F285DA14}.Debug|Any CPU.Build.0 = Debug|Any CPU
		{6701C2DC-63FD-4532-A49E-3224F285DA14}.Release|Any CPU.ActiveCfg = Release|Any CPU
		{6701C2DC-63FD-4532-A49E-3224F285DA14}.Release|Any CPU.Build.0 = Release|Any CPU
	EndGlobalSection
	GlobalSection(SolutionProperties) = preSolution
		HideSolutionNode = FALSE
	EndGlobalSection
	GlobalSection(ExtensibilityGlobals) = postSolution
		SolutionGuid = {3F58302A-9109-42B9-A326-74897D01EA52}
	EndGlobalSection
EndGlobal
